
Microsoft Visual Studio Solution File, Format Version 12.00
# Visual Studio 15
VisualStudioVersion = 15.0.28307.329
MinimumVisualStudioVersion = 10.0.40219.1
Project("{FAE04EC0-301F-11D3-BF4B-00C04F79EFBC}") = "MusicStoreApi", "MusicStoreApi\MusicStoreApi.csproj", "{5A792E7B-4977-4F08-81E6-1CBBCB4A3693}"
EndProject
Global
	GlobalSection(SolutionConfigurationPlatforms) = preSolution
		Debug|Any CPU = Debug|Any CPU
		Release|Any CPU = Release|Any CPU
	EndGlobalSection
	GlobalSection(ProjectConfigurationPlatforms) = postSolution
		{5A792E7B-4977-4F08-81E6-1CBBCB4A3693}.Debug|Any CPU.ActiveCfg = Debug|Any CPU
		{5A792E7B-4977-4F08-81E6-1CBBCB4A3693}.Debug|Any CPU.Build.0 = Debug|Any CPU
		{5A792E7B-4977-4F08-81E6-1CBBCB4A3693}.Release|Any CPU.ActiveCfg = Release|Any CPU
		{5A792E7B-4977-4F08-81E6-1CBBCB4A3693}.Release|Any CPU.Build.0 = Release|Any CPU
	EndGlobalSection
	GlobalSection(SolutionProperties) = preSolution
		HideSolutionNode = FALSE
	EndGlobalSection
	GlobalSection(ExtensibilityGlobals) = postSolution
		SolutionGuid = {2CA1B13B-E8B7-4790-9297-AF4B52102F80}
	EndGlobalSection
EndGlobal
